# THIS IS AN AUTOGENERATED FILE. DO NOT EDIT THIS FILE DIRECTLY.
# yarn lockfile v1


lucide@^0.408.0:
  version "0.408.0"
  resolved "https://registry.yarnpkg.com/lucide/-/lucide-0.408.0.tgz#51e8a76d351ff609868828d2ac374de7ffe0d767"
  integrity sha512-6pDkMOt468x+KS9CWCms9dTQcHbnhkl1z9E0rvSxAhpD0JDin+PeJFuLDQP1b9+ErD34gX2DmjFtXt9fKDMw3A==
